
Microsoft Visual Studio Solution File, Format Version 11.00
# Visual Studio 2010
Project("{8BC9CEB8-8B4A-11D0-8D11-00A0C91BC942}") = "PAI_Simulator", "PAI_Simulator\PAI_Simulator.vcxproj", "{F7B0B5DA-1BC2-4FEF-A4D9-7C83A72CAB93}"
EndProject
Global
	GlobalSection(SolutionConfigurationPlatforms) = preSolution
		Debug|Win32 = Debug|Win32
		Release|Win32 = Release|Win32
	EndGlobalSection
	GlobalSection(ProjectConfigurationPlatforms) = postSolution
		{F7B0B5DA-1BC2-4FEF-A4D9-7C83A72CAB93}.Debug|Win32.ActiveCfg = Debug|Win32
		{F7B0B5DA-1BC2-4FEF-A4D9-7C83A72CAB93}.Debug|Win32.Build.0 = Debug|Win32
		{F7B0B5DA-1BC2-4FEF-A4D9-7C83A72CAB93}.Release|Win32.ActiveCfg = Release|Win32
		{F7B0B5DA-1BC2-4FEF-A4D9-7C83A72CAB93}.Release|Win32.Build.0 = Release|Win32
	EndGlobalSection
	GlobalSection(SolutionProperties) = preSolution
		HideSolutionNode = FALSE
	EndGlobalSection
EndGlobal
